
Microsoft Visual Studio Solution File, Format Version 12.00
# Visual Studio Version 16
VisualStudioVersion = 16.0.30804.86
MinimumVisualStudioVersion = 10.0.40219.1
Project("{FAE04EC0-301F-11D3-BF4B-00C04F79EFBC}") = "CorePortfolio03-Oliver-Halasan", "CorePortfolio03-Oliver-Halasan.csproj", "{1FA98FFA-9EDC-4986-B970-48A104CEAB40}"
EndProject
Global
	GlobalSection(SolutionConfigurationPlatforms) = preSolution
		Debug|Any CPU = Debug|Any CPU
		Release|Any CPU = Release|Any CPU
	EndGlobalSection
	GlobalSection(ProjectConfigurationPlatforms) = postSolution
		{1FA98FFA-9EDC-4986-B970-48A104CEAB40}.Debug|Any CPU.ActiveCfg = Debug|Any CPU
		{1FA98FFA-9EDC-4986-B970-48A104CEAB40}.Debug|Any CPU.Build.0 = Debug|Any CPU
		{1FA98FFA-9EDC-4986-B970-48A104CEAB40}.Release|Any CPU.ActiveCfg = Release|Any CPU
		{1FA98FFA-9EDC-4986-B970-48A104CEAB40}.Release|Any CPU.Build.0 = Release|Any CPU
	EndGlobalSection
	GlobalSection(SolutionProperties) = preSolution
		HideSolutionNode = FALSE
	EndGlobalSection
	GlobalSection(ExtensibilityGlobals) = postSolution
		SolutionGuid = {AC79A362-E859-4CE8-B445-3ACDDBF9BC21}
	EndGlobalSection
EndGlobal
