
Microsoft Visual Studio Solution File, Format Version 12.00
# Visual Studio Version 16
VisualStudioVersion = 16.0.30804.86
MinimumVisualStudioVersion = 10.0.40219.1
Project("{FAE04EC0-301F-11D3-BF4B-00C04F79EFBC}") = "CPSC1012-Exercise02", "CPSC1012-Exercise02.csproj", "{4F0ADCD0-8ACA-41D2-BE8E-8A6469794D56}"
EndProject
Global
	GlobalSection(SolutionConfigurationPlatforms) = preSolution
		Debug|Any CPU = Debug|Any CPU
		Release|Any CPU = Release|Any CPU
	EndGlobalSection
	GlobalSection(ProjectConfigurationPlatforms) = postSolution
		{4F0ADCD0-8ACA-41D2-BE8E-8A6469794D56}.Debug|Any CPU.ActiveCfg = Debug|Any CPU
		{4F0ADCD0-8ACA-41D2-BE8E-8A6469794D56}.Debug|Any CPU.Build.0 = Debug|Any CPU
		{4F0ADCD0-8ACA-41D2-BE8E-8A6469794D56}.Release|Any CPU.ActiveCfg = Release|Any CPU
		{4F0ADCD0-8ACA-41D2-BE8E-8A6469794D56}.Release|Any CPU.Build.0 = Release|Any CPU
	EndGlobalSection
	GlobalSection(SolutionProperties) = preSolution
		HideSolutionNode = FALSE
	EndGlobalSection
	GlobalSection(ExtensibilityGlobals) = postSolution
		SolutionGuid = {8386DBA1-BD78-421B-A60F-4319018254B8}
	EndGlobalSection
EndGlobal
