
Microsoft Visual Studio Solution File, Format Version 12.00
# Visual Studio Version 16
VisualStudioVersion = 16.0.30804.86
MinimumVisualStudioVersion = 10.0.40219.1
Project("{FAE04EC0-301F-11D3-BF4B-00C04F79EFBC}") = "CPSC1012-Execrcise6-Oliver-Halasan", "CPSC1012-Execrcise6-Oliver-Halasan.csproj", "{EE2BD484-139A-45E4-9DF7-DA8C398B90E1}"
EndProject
Global
	GlobalSection(SolutionConfigurationPlatforms) = preSolution
		Debug|Any CPU = Debug|Any CPU
		Release|Any CPU = Release|Any CPU
	EndGlobalSection
	GlobalSection(ProjectConfigurationPlatforms) = postSolution
		{EE2BD484-139A-45E4-9DF7-DA8C398B90E1}.Debug|Any CPU.ActiveCfg = Debug|Any CPU
		{EE2BD484-139A-45E4-9DF7-DA8C398B90E1}.Debug|Any CPU.Build.0 = Debug|Any CPU
		{EE2BD484-139A-45E4-9DF7-DA8C398B90E1}.Release|Any CPU.ActiveCfg = Release|Any CPU
		{EE2BD484-139A-45E4-9DF7-DA8C398B90E1}.Release|Any CPU.Build.0 = Release|Any CPU
	EndGlobalSection
	GlobalSection(SolutionProperties) = preSolution
		HideSolutionNode = FALSE
	EndGlobalSection
	GlobalSection(ExtensibilityGlobals) = postSolution
		SolutionGuid = {307FF888-ADB5-406E-B3B0-2E7E1A64F500}
	EndGlobalSection
EndGlobal
